
Microsoft Visual Studio Solution File, Format Version 12.00
# Visual Studio Version 17
VisualStudioVersion = 17.4.33122.133
MinimumVisualStudioVersion = 10.0.40219.1
Project("{FAE04EC0-301F-11D3-BF4B-00C04F79EFBC}") = "DatabaseAttempt", "DatabaseAttempt\DatabaseAttempt.csproj", "{8C5020BE-EF75-4AE7-948C-0623F5469EB2}"
EndProject
Global
	GlobalSection(SolutionConfigurationPlatforms) = preSolution
		Debug|Any CPU = Debug|Any CPU
		Release|Any CPU = Release|Any CPU
	EndGlobalSection
	GlobalSection(ProjectConfigurationPlatforms) = postSolution
		{8C5020BE-EF75-4AE7-948C-0623F5469EB2}.Debug|Any CPU.ActiveCfg = Debug|Any CPU
		{8C5020BE-EF75-4AE7-948C-0623F5469EB2}.Debug|Any CPU.Build.0 = Debug|Any CPU
		{8C5020BE-EF75-4AE7-948C-0623F5469EB2}.Release|Any CPU.ActiveCfg = Release|Any CPU
		{8C5020BE-EF75-4AE7-948C-0623F5469EB2}.Release|Any CPU.Build.0 = Release|Any CPU
	EndGlobalSection
	GlobalSection(SolutionProperties) = preSolution
		HideSolutionNode = FALSE
	EndGlobalSection
	GlobalSection(ExtensibilityGlobals) = postSolution
		SolutionGuid = {917DCAF3-35E9-4D26-8262-39A9A1F9A56C}
	EndGlobalSection
EndGlobal
